
Microsoft Visual Studio Solution File, Format Version 12.00
# Visual Studio Version 17
VisualStudioVersion = 17.5.002.0
MinimumVisualStudioVersion = 10.0.40219.1
Project("{9A19103F-16F7-4668-BE54-9A1E7A4F7556}") = "W3-CompChallenge", "W3-CompChallenge.csproj", "{A5EBBE98-1FF9-4DE9-8182-28894C1D3728}"
EndProject
Global
	GlobalSection(SolutionConfigurationPlatforms) = preSolution
		Debug|Any CPU = Debug|Any CPU
		Release|Any CPU = Release|Any CPU
	EndGlobalSection
	GlobalSection(ProjectConfigurationPlatforms) = postSolution
		{A5EBBE98-1FF9-4DE9-8182-28894C1D3728}.Debug|Any CPU.ActiveCfg = Debug|Any CPU
		{A5EBBE98-1FF9-4DE9-8182-28894C1D3728}.Debug|Any CPU.Build.0 = Debug|Any CPU
		{A5EBBE98-1FF9-4DE9-8182-28894C1D3728}.Release|Any CPU.ActiveCfg = Release|Any CPU
		{A5EBBE98-1FF9-4DE9-8182-28894C1D3728}.Release|Any CPU.Build.0 = Release|Any CPU
	EndGlobalSection
	GlobalSection(SolutionProperties) = preSolution
		HideSolutionNode = FALSE
	EndGlobalSection
	GlobalSection(ExtensibilityGlobals) = postSolution
		SolutionGuid = {47613D2E-DD18-4C99-B82E-0E642894F0A4}
	EndGlobalSection
EndGlobal
