
Microsoft Visual Studio Solution File, Format Version 12.00
# Visual Studio Version 17
VisualStudioVersion = 17.11.35327.3
MinimumVisualStudioVersion = 10.0.40219.1
Project("{FAE04EC0-301F-11D3-BF4B-00C04F79EFBC}") = "CarCollectionFullStack", "CarCollectionFullStack.csproj", "{8733C428-FA3E-4A64-822F-FF04F0F010E8}"
EndProject
Global
	GlobalSection(SolutionConfigurationPlatforms) = preSolution
		Debug|Any CPU = Debug|Any CPU
		Release|Any CPU = Release|Any CPU
	EndGlobalSection
	GlobalSection(ProjectConfigurationPlatforms) = postSolution
		{8733C428-FA3E-4A64-822F-FF04F0F010E8}.Debug|Any CPU.ActiveCfg = Debug|Any CPU
		{8733C428-FA3E-4A64-822F-FF04F0F010E8}.Debug|Any CPU.Build.0 = Debug|Any CPU
		{8733C428-FA3E-4A64-822F-FF04F0F010E8}.Release|Any CPU.ActiveCfg = Release|Any CPU
		{8733C428-FA3E-4A64-822F-FF04F0F010E8}.Release|Any CPU.Build.0 = Release|Any CPU
	EndGlobalSection
	GlobalSection(SolutionProperties) = preSolution
		HideSolutionNode = FALSE
	EndGlobalSection
	GlobalSection(ExtensibilityGlobals) = postSolution
		SolutionGuid = {726207F8-F400-4BBC-B895-43A5B971AA76}
	EndGlobalSection
EndGlobal
