
Microsoft Visual Studio Solution File, Format Version 12.00
# Visual Studio Version 17
VisualStudioVersion = 17.11.35327.3
MinimumVisualStudioVersion = 10.0.40219.1
Project("{FAE04EC0-301F-11D3-BF4B-00C04F79EFBC}") = "LoggerApp", "LoggerApp.csproj", "{D2A42392-6866-430C-8521-B1F0AD34ECE4}"
EndProject
Global
	GlobalSection(SolutionConfigurationPlatforms) = preSolution
		Debug|Any CPU = Debug|Any CPU
		Release|Any CPU = Release|Any CPU
	EndGlobalSection
	GlobalSection(ProjectConfigurationPlatforms) = postSolution
		{D2A42392-6866-430C-8521-B1F0AD34ECE4}.Debug|Any CPU.ActiveCfg = Debug|Any CPU
		{D2A42392-6866-430C-8521-B1F0AD34ECE4}.Debug|Any CPU.Build.0 = Debug|Any CPU
		{D2A42392-6866-430C-8521-B1F0AD34ECE4}.Release|Any CPU.ActiveCfg = Release|Any CPU
		{D2A42392-6866-430C-8521-B1F0AD34ECE4}.Release|Any CPU.Build.0 = Release|Any CPU
	EndGlobalSection
	GlobalSection(SolutionProperties) = preSolution
		HideSolutionNode = FALSE
	EndGlobalSection
	GlobalSection(ExtensibilityGlobals) = postSolution
		SolutionGuid = {636B5B0B-D756-4ED4-9B3D-021FE247BD43}
	EndGlobalSection
EndGlobal
