
Microsoft Visual Studio Solution File, Format Version 12.00
# Visual Studio Version 17
VisualStudioVersion = 17.5.002.0
MinimumVisualStudioVersion = 10.0.40219.1
Project("{9A19103F-16F7-4668-BE54-9A1E7A4F7556}") = "power-problem-v2-mac", "power-problem-v2-mac.csproj", "{A2DC1116-C082-486E-814E-31206B25F2F7}"
EndProject
Global
	GlobalSection(SolutionConfigurationPlatforms) = preSolution
		Debug|Any CPU = Debug|Any CPU
		Release|Any CPU = Release|Any CPU
	EndGlobalSection
	GlobalSection(ProjectConfigurationPlatforms) = postSolution
		{A2DC1116-C082-486E-814E-31206B25F2F7}.Debug|Any CPU.ActiveCfg = Debug|Any CPU
		{A2DC1116-C082-486E-814E-31206B25F2F7}.Debug|Any CPU.Build.0 = Debug|Any CPU
		{A2DC1116-C082-486E-814E-31206B25F2F7}.Release|Any CPU.ActiveCfg = Release|Any CPU
		{A2DC1116-C082-486E-814E-31206B25F2F7}.Release|Any CPU.Build.0 = Release|Any CPU
	EndGlobalSection
	GlobalSection(SolutionProperties) = preSolution
		HideSolutionNode = FALSE
	EndGlobalSection
	GlobalSection(ExtensibilityGlobals) = postSolution
		SolutionGuid = {C916EDFD-6382-4A0B-8956-671F3DD68D6D}
	EndGlobalSection
EndGlobal
