
Microsoft Visual Studio Solution File, Format Version 12.00
# Visual Studio Version 17
VisualStudioVersion = 17.11.35303.130
MinimumVisualStudioVersion = 10.0.40219.1
Project("{FAE04EC0-301F-11D3-BF4B-00C04F79EFBC}") = "CarCollection", "CarCollection.csproj", "{A964B5AB-55AD-49DD-9636-E3674A4E6CA3}"
EndProject
Global
	GlobalSection(SolutionConfigurationPlatforms) = preSolution
		Debug|Any CPU = Debug|Any CPU
		Release|Any CPU = Release|Any CPU
	EndGlobalSection
	GlobalSection(ProjectConfigurationPlatforms) = postSolution
		{A964B5AB-55AD-49DD-9636-E3674A4E6CA3}.Debug|Any CPU.ActiveCfg = Debug|Any CPU
		{A964B5AB-55AD-49DD-9636-E3674A4E6CA3}.Debug|Any CPU.Build.0 = Debug|Any CPU
		{A964B5AB-55AD-49DD-9636-E3674A4E6CA3}.Release|Any CPU.ActiveCfg = Release|Any CPU
		{A964B5AB-55AD-49DD-9636-E3674A4E6CA3}.Release|Any CPU.Build.0 = Release|Any CPU
	EndGlobalSection
	GlobalSection(SolutionProperties) = preSolution
		HideSolutionNode = FALSE
	EndGlobalSection
	GlobalSection(ExtensibilityGlobals) = postSolution
		SolutionGuid = {425BE605-8D2A-46B8-8E38-008DDF0E78DD}
	EndGlobalSection
EndGlobal
