
Microsoft Visual Studio Solution File, Format Version 12.00
Project("{FAE04EC0-301F-11D3-BF4B-00C04F79EFBC}") = "Comp", "Comp.csproj", "{E12D6CA3-2DED-44E8-AD84-E60BE65C09B0}"
EndProject
Project("{FAE04EC0-301F-11D3-BF4B-00C04F79EFBC}") = "CompTest", "CompTest\CompTest.csproj", "{319372CB-70D7-469D-A7CC-BB733D55CD03}"
EndProject
Global
	GlobalSection(SolutionConfigurationPlatforms) = preSolution
		Debug|Any CPU = Debug|Any CPU
		Release|Any CPU = Release|Any CPU
	EndGlobalSection
	GlobalSection(ProjectConfigurationPlatforms) = postSolution
		{E12D6CA3-2DED-44E8-AD84-E60BE65C09B0}.Debug|Any CPU.ActiveCfg = Debug|Any CPU
		{E12D6CA3-2DED-44E8-AD84-E60BE65C09B0}.Debug|Any CPU.Build.0 = Debug|Any CPU
		{E12D6CA3-2DED-44E8-AD84-E60BE65C09B0}.Release|Any CPU.ActiveCfg = Release|Any CPU
		{E12D6CA3-2DED-44E8-AD84-E60BE65C09B0}.Release|Any CPU.Build.0 = Release|Any CPU
		{319372CB-70D7-469D-A7CC-BB733D55CD03}.Debug|Any CPU.ActiveCfg = Debug|Any CPU
		{319372CB-70D7-469D-A7CC-BB733D55CD03}.Debug|Any CPU.Build.0 = Debug|Any CPU
		{319372CB-70D7-469D-A7CC-BB733D55CD03}.Release|Any CPU.ActiveCfg = Release|Any CPU
		{319372CB-70D7-469D-A7CC-BB733D55CD03}.Release|Any CPU.Build.0 = Release|Any CPU
	EndGlobalSection
EndGlobal
