
Microsoft Visual Studio Solution File, Format Version 12.00
# Visual Studio Version 17
VisualStudioVersion = 17.5.002.0
MinimumVisualStudioVersion = 10.0.40219.1
Project("{9A19103F-16F7-4668-BE54-9A1E7A4F7556}") = "power-problem-mac", "power-problem-mac.csproj", "{9584C3CB-5673-4BD9-8A72-9B90FB615DD6}"
EndProject
Global
	GlobalSection(SolutionConfigurationPlatforms) = preSolution
		Debug|Any CPU = Debug|Any CPU
		Release|Any CPU = Release|Any CPU
	EndGlobalSection
	GlobalSection(ProjectConfigurationPlatforms) = postSolution
		{9584C3CB-5673-4BD9-8A72-9B90FB615DD6}.Debug|Any CPU.ActiveCfg = Debug|Any CPU
		{9584C3CB-5673-4BD9-8A72-9B90FB615DD6}.Debug|Any CPU.Build.0 = Debug|Any CPU
		{9584C3CB-5673-4BD9-8A72-9B90FB615DD6}.Release|Any CPU.ActiveCfg = Release|Any CPU
		{9584C3CB-5673-4BD9-8A72-9B90FB615DD6}.Release|Any CPU.Build.0 = Release|Any CPU
	EndGlobalSection
	GlobalSection(SolutionProperties) = preSolution
		HideSolutionNode = FALSE
	EndGlobalSection
	GlobalSection(ExtensibilityGlobals) = postSolution
		SolutionGuid = {E1BBE269-540A-4661-98E3-BE1E87776B2F}
	EndGlobalSection
EndGlobal
