
Microsoft Visual Studio Solution File, Format Version 12.00
# Visual Studio Version 17
VisualStudioVersion = 17.5.002.0
MinimumVisualStudioVersion = 10.0.40219.1
Project("{9A19103F-16F7-4668-BE54-9A1E7A4F7556}") = "postfix", "postfix.csproj", "{FEA56A29-4E89-4960-8BF4-1E37F89FAE9E}"
EndProject
Global
	GlobalSection(SolutionConfigurationPlatforms) = preSolution
		Debug|Any CPU = Debug|Any CPU
		Release|Any CPU = Release|Any CPU
	EndGlobalSection
	GlobalSection(ProjectConfigurationPlatforms) = postSolution
		{FEA56A29-4E89-4960-8BF4-1E37F89FAE9E}.Debug|Any CPU.ActiveCfg = Debug|Any CPU
		{FEA56A29-4E89-4960-8BF4-1E37F89FAE9E}.Debug|Any CPU.Build.0 = Debug|Any CPU
		{FEA56A29-4E89-4960-8BF4-1E37F89FAE9E}.Release|Any CPU.ActiveCfg = Release|Any CPU
		{FEA56A29-4E89-4960-8BF4-1E37F89FAE9E}.Release|Any CPU.Build.0 = Release|Any CPU
	EndGlobalSection
	GlobalSection(SolutionProperties) = preSolution
		HideSolutionNode = FALSE
	EndGlobalSection
	GlobalSection(ExtensibilityGlobals) = postSolution
		SolutionGuid = {68714E08-5E7F-4282-9940-32C0350F2188}
	EndGlobalSection
EndGlobal
